
Microsoft Visual Studio Solution File, Format Version 12.00
# Visual Studio 14
VisualStudioVersion = 14.0.25420.1
MinimumVisualStudioVersion = 10.0.40219.1
Project("{FAE04EC0-301F-11D3-BF4B-00C04F79EFBC}") = "TestApp", "TestApp\TestApp\TestApp.csproj", "{850B6290-B28B-4C96-9288-4898FBE4E832}"
EndProject
Project("{FAE04EC0-301F-11D3-BF4B-00C04F79EFBC}") = "TestApp.Droid", "TestApp\TestApp.Droid\TestApp.Droid.csproj", "{32F18D94-A082-47C6-8393-CBC19D9EC905}"
EndProject
Project("{FAE04EC0-301F-11D3-BF4B-00C04F79EFBC}") = "TestApp.iOS", "TestApp\TestApp.iOS\TestApp.iOS.csproj", "{5695BFB7-F284-4749-A527-201DD5023EC2}"
EndProject
Project("{FAE04EC0-301F-11D3-BF4B-00C04F79EFBC}") = "TestApp.WinPhone", "TestApp\TestApp.WinPhone\TestApp.WinPhone.csproj", "{F059B975-64F7-4647-818E-C1EE5A5F9587}"
EndProject
Project("{FAE04EC0-301F-11D3-BF4B-00C04F79EFBC}") = "TestApp.UWP", "TestApp\TestApp.UWP\TestApp.UWP.csproj", "{72EF113F-8BE4-407D-A8B9-44E62FA4C88D}"
EndProject
Project("{FAE04EC0-301F-11D3-BF4B-00C04F79EFBC}") = "TestApp.Windows", "TestApp\TestApp.Windows\TestApp.Windows.csproj", "{B0DB7466-9AF9-4209-8454-4C7EEF3F8B5D}"
EndProject
Global
	GlobalSection(SolutionConfigurationPlatforms) = preSolution
		Ad-Hoc|Any CPU = Ad-Hoc|Any CPU
		Ad-Hoc|ARM = Ad-Hoc|ARM
		Ad-Hoc|iPhone = Ad-Hoc|iPhone
		Ad-Hoc|iPhoneSimulator = Ad-Hoc|iPhoneSimulator
		Ad-Hoc|x64 = Ad-Hoc|x64
		Ad-Hoc|x86 = Ad-Hoc|x86
		AppStore|Any CPU = AppStore|Any CPU
		AppStore|ARM = AppStore|ARM
		AppStore|iPhone = AppStore|iPhone
		AppStore|iPhoneSimulator = AppStore|iPhoneSimulator
		AppStore|x64 = AppStore|x64
		AppStore|x86 = AppStore|x86
		Debug|Any CPU = Debug|Any CPU
		Debug|ARM = Debug|ARM
		Debug|iPhone = Debug|iPhone
		Debug|iPhoneSimulator = Debug|iPhoneSimulator
		Debug|x64 = Debug|x64
		Debug|x86 = Debug|x86
		Release|Any CPU = Release|Any CPU
		Release|ARM = Release|ARM
		Release|iPhone = Release|iPhone
		Release|iPhoneSimulator = Release|iPhoneSimulator
		Release|x64 = Release|x64
		Release|x86 = Release|x86
	EndGlobalSection
	GlobalSection(ProjectConfigurationPlatforms) = postSolution
		{850B6290-B28B-4C96-9288-4898FBE4E832}.Ad-Hoc|Any CPU.ActiveCfg = Release|Any CPU
		{850B6290-B28B-4C96-9288-4898FBE4E832}.Ad-Hoc|Any CPU.Build.0 = Release|Any CPU
		{850B6290-B28B-4C96-9288-4898FBE4E832}.Ad-Hoc|ARM.ActiveCfg = Release|Any CPU
		{850B6290-B28B-4C96-9288-4898FBE4E832}.Ad-Hoc|ARM.Build.0 = Release|Any CPU
		{850B6290-B28B-4C96-9288-4898FBE4E832}.Ad-Hoc|iPhone.ActiveCfg = Release|Any CPU
		{850B6290-B28B-4C96-9288-4898FBE4E832}.Ad-Hoc|iPhone.Build.0 = Release|Any CPU
		{850B6290-B28B-4C96-9288-4898FBE4E832}.Ad-Hoc|iPhoneSimulator.ActiveCfg = Release|Any CPU
		{850B6290-B28B-4C96-9288-4898FBE4E832}.Ad-Hoc|iPhoneSimulator.Build.0 = Release|Any CPU
		{850B6290-B28B-4C96-9288-4898FBE4E832}.Ad-Hoc|x64.ActiveCfg = Release|Any CPU
		{850B6290-B28B-4C96-9288-4898FBE4E832}.Ad-Hoc|x64.Build.0 = Release|Any CPU
		{850B6290-B28B-4C96-9288-4898FBE4E832}.Ad-Hoc|x86.ActiveCfg = Release|Any CPU
		{850B6290-B28B-4C96-9288-4898FBE4E832}.Ad-Hoc|x86.Build.0 = Release|Any CPU
		{850B6290-B28B-4C96-9288-4898FBE4E832}.AppStore|Any CPU.ActiveCfg = Release|Any CPU
		{850B6290-B28B-4C96-9288-4898FBE4E832}.AppStore|Any CPU.Build.0 = Release|Any CPU
		{850B6290-B28B-4C96-9288-4898FBE4E832}.AppStore|ARM.ActiveCfg = Release|Any CPU
		{850B6290-B28B-4C96-9288-4898FBE4E832}.AppStore|ARM.Build.0 = Release|Any CPU
		{850B6290-B28B-4C96-9288-4898FBE4E832}.AppStore|iPhone.ActiveCfg = Release|Any CPU
		{850B6290-B28B-4C96-9288-4898FBE4E832}.AppStore|iPhone.Build.0 = Release|Any CPU
		{850B6290-B28B-4C96-9288-4898FBE4E832}.AppStore|iPhoneSimulator.ActiveCfg = Release|Any CPU
		{850B6290-B28B-4C96-9288-4898FBE4E832}.AppStore|iPhoneSimulator.Build.0 = Release|Any CPU
		{850B6290-B28B-4C96-9288-4898FBE4E832}.AppStore|x64.ActiveCfg = Release|Any CPU
		{850B6290-B28B-4C96-9288-4898FBE4E832}.AppStore|x64.Build.0 = Release|Any CPU
		{850B6290-B28B-4C96-9288-4898FBE4E832}.AppStore|x86.ActiveCfg = Release|Any CPU
		{850B6290-B28B-4C96-9288-4898FBE4E832}.AppStore|x86.Build.0 = Release|Any CPU
		{850B6290-B28B-4C96-9288-4898FBE4E832}.Debug|Any CPU.ActiveCfg = Debug|Any CPU
		{850B6290-B28B-4C96-9288-4898FBE4E832}.Debug|Any CPU.Build.0 = Debug|Any CPU
		{850B6290-B28B-4C96-9288-4898FBE4E832}.Debug|ARM.ActiveCfg = Debug|Any CPU
		{850B6290-B28B-4C96-9288-4898FBE4E832}.Debug|ARM.Build.0 = Debug|Any CPU
		{850B6290-B28B-4C96-9288-4898FBE4E832}.Debug|iPhone.ActiveCfg = Debug|Any CPU
		{850B6290-B28B-4C96-9288-4898FBE4E832}.Debug|iPhone.Build.0 = Debug|Any CPU
		{850B6290-B28B-4C96-9288-4898FBE4E832}.Debug|iPhoneSimulator.ActiveCfg = Debug|Any CPU
		{850B6290-B28B-4C96-9288-4898FBE4E832}.Debug|iPhoneSimulator.Build.0 = Debug|Any CPU
		{850B6290-B28B-4C96-9288-4898FBE4E832}.Debug|x64.ActiveCfg = Debug|Any CPU
		{850B6290-B28B-4C96-9288-4898FBE4E832}.Debug|x64.Build.0 = Debug|Any CPU
		{850B6290-B28B-4C96-9288-4898FBE4E832}.Debug|x86.ActiveCfg = Debug|Any CPU
		{850B6290-B28B-4C96-9288-4898FBE4E832}.Debug|x86.Build.0 = Debug|Any CPU
		{850B6290-B28B-4C96-9288-4898FBE4E832}.Release|Any CPU.ActiveCfg = Release|Any CPU
		{850B6290-B28B-4C96-9288-4898FBE4E832}.Release|Any CPU.Build.0 = Release|Any CPU
		{850B6290-B28B-4C96-9288-4898FBE4E832}.Release|ARM.ActiveCfg = Release|Any CPU
		{850B6290-B28B-4C96-9288-4898FBE4E832}.Release|ARM.Build.0 = Release|Any CPU
		{850B6290-B28B-4C96-9288-4898FBE4E832}.Release|iPhone.ActiveCfg = Release|Any CPU
		{850B6290-B28B-4C96-9288-4898FBE4E832}.Release|iPhone.Build.0 = Release|Any CPU
		{850B6290-B28B-4C96-9288-4898FBE4E832}.Release|iPhoneSimulator.ActiveCfg = Release|Any CPU
		{850B6290-B28B-4C96-9288-4898FBE4E832}.Release|iPhoneSimulator.Build.0 = Release|Any CPU
		{850B6290-B28B-4C96-9288-4898FBE4E832}.Release|x64.ActiveCfg = Release|Any CPU
		{850B6290-B28B-4C96-9288-4898FBE4E832}.Release|x64.Build.0 = Release|Any CPU
		{850B6290-B28B-4C96-9288-4898FBE4E832}.Release|x86.ActiveCfg = Release|Any CPU
		{850B6290-B28B-4C96-9288-4898FBE4E832}.Release|x86.Build.0 = Release|Any CPU
		{32F18D94-A082-47C6-8393-CBC19D9EC905}.Ad-Hoc|Any CPU.ActiveCfg = Release|Any CPU
		{32F18D94-A082-47C6-8393-CBC19D9EC905}.Ad-Hoc|Any CPU.Build.0 = Release|Any CPU
		{32F18D94-A082-47C6-8393-CBC19D9EC905}.Ad-Hoc|Any CPU.Deploy.0 = Release|Any CPU
		{32F18D94-A082-47C6-8393-CBC19D9EC905}.Ad-Hoc|ARM.ActiveCfg = Release|Any CPU
		{32F18D94-A082-47C6-8393-CBC19D9EC905}.Ad-Hoc|ARM.Build.0 = Release|Any CPU
		{32F18D94-A082-47C6-8393-CBC19D9EC905}.Ad-Hoc|ARM.Deploy.0 = Release|Any CPU
		{32F18D94-A082-47C6-8393-CBC19D9EC905}.Ad-Hoc|iPhone.ActiveCfg = Release|Any CPU
		{32F18D94-A082-47C6-8393-CBC19D9EC905}.Ad-Hoc|iPhone.Build.0 = Release|Any CPU
		{32F18D94-A082-47C6-8393-CBC19D9EC905}.Ad-Hoc|iPhone.Deploy.0 = Release|Any CPU
		{32F18D94-A082-47C6-8393-CBC19D9EC905}.Ad-Hoc|iPhoneSimulator.ActiveCfg = Release|Any CPU
		{32F18D94-A082-47C6-8393-CBC19D9EC905}.Ad-Hoc|iPhoneSimulator.Build.0 = Release|Any CPU
		{32F18D94-A082-47C6-8393-CBC19D9EC905}.Ad-Hoc|iPhoneSimulator.Deploy.0 = Release|Any CPU
		{32F18D94-A082-47C6-8393-CBC19D9EC905}.Ad-Hoc|x64.ActiveCfg = Release|Any CPU
		{32F18D94-A082-47C6-8393-CBC19D9EC905}.Ad-Hoc|x64.Build.0 = Release|Any CPU
		{32F18D94-A082-47C6-8393-CBC19D9EC905}.Ad-Hoc|x64.Deploy.0 = Release|Any CPU
		{32F18D94-A082-47C6-8393-CBC19D9EC905}.Ad-Hoc|x86.ActiveCfg = Release|Any CPU
		{32F18D94-A082-47C6-8393-CBC19D9EC905}.Ad-Hoc|x86.Build.0 = Release|Any CPU
		{32F18D94-A082-47C6-8393-CBC19D9EC905}.Ad-Hoc|x86.Deploy.0 = Release|Any CPU
		{32F18D94-A082-47C6-8393-CBC19D9EC905}.AppStore|Any CPU.ActiveCfg = Release|Any CPU
		{32F18D94-A082-47C6-8393-CBC19D9EC905}.AppStore|Any CPU.Build.0 = Release|Any CPU
		{32F18D94-A082-47C6-8393-CBC19D9EC905}.AppStore|Any CPU.Deploy.0 = Release|Any CPU
		{32F18D94-A082-47C6-8393-CBC19D9EC905}.AppStore|ARM.ActiveCfg = Release|Any CPU
		{32F18D94-A082-47C6-8393-CBC19D9EC905}.AppStore|ARM.Build.0 = Release|Any CPU
		{32F18D94-A082-47C6-8393-CBC19D9EC905}.AppStore|ARM.Deploy.0 = Release|Any CPU
		{32F18D94-A082-47C6-8393-CBC19D9EC905}.AppStore|iPhone.ActiveCfg = Release|Any CPU
		{32F18D94-A082-47C6-8393-CBC19D9EC905}.AppStore|iPhone.Build.0 = Release|Any CPU
		{32F18D94-A082-47C6-8393-CBC19D9EC905}.AppStore|iPhone.Deploy.0 = Release|Any CPU
		{32F18D94-A082-47C6-8393-CBC19D9EC905}.AppStore|iPhoneSimulator.ActiveCfg = Release|Any CPU
		{32F18D94-A082-47C6-8393-CBC19D9EC905}.AppStore|iPhoneSimulator.Build.0 = Release|Any CPU
		{32F18D94-A082-47C6-8393-CBC19D9EC905}.AppStore|iPhoneSimulator.Deploy.0 = Release|Any CPU
		{32F18D94-A082-47C6-8393-CBC19D9EC905}.AppStore|x64.ActiveCfg = Release|Any CPU
		{32F18D94-A082-47C6-8393-CBC19D9EC905}.AppStore|x64.Build.0 = Release|Any CPU
		{32F18D94-A082-47C6-8393-CBC19D9EC905}.AppStore|x64.Deploy.0 = Release|Any CPU
		{32F18D94-A082-47C6-8393-CBC19D9EC905}.AppStore|x86.ActiveCfg = Release|Any CPU
		{32F18D94-A082-47C6-8393-CBC19D9EC905}.AppStore|x86.Build.0 = Release|Any CPU
		{32F18D94-A082-47C6-8393-CBC19D9EC905}.AppStore|x86.Deploy.0 = Release|Any CPU
		{32F18D94-A082-47C6-8393-CBC19D9EC905}.Debug|Any CPU.ActiveCfg = Debug|Any CPU
		{32F18D94-A082-47C6-8393-CBC19D9EC905}.Debug|Any CPU.Build.0 = Debug|Any CPU
		{32F18D94-A082-47C6-8393-CBC19D9EC905}.Debug|Any CPU.Deploy.0 = Debug|Any CPU
		{32F18D94-A082-47C6-8393-CBC19D9EC905}.Debug|ARM.ActiveCfg = Debug|Any CPU
		{32F18D94-A082-47C6-8393-CBC19D9EC905}.Debug|ARM.Build.0 = Debug|Any CPU
		{32F18D94-A082-47C6-8393-CBC19D9EC905}.Debug|ARM.Deploy.0 = Debug|Any CPU
		{32F18D94-A082-47C6-8393-CBC19D9EC905}.Debug|iPhone.ActiveCfg = Debug|Any CPU
		{32F18D94-A082-47C6-8393-CBC19D9EC905}.Debug|iPhone.Build.0 = Debug|Any CPU
		{32F18D94-A082-47C6-8393-CBC19D9EC905}.Debug|iPhone.Deploy.0 = Debug|Any CPU
		{32F18D94-A082-47C6-8393-CBC19D9EC905}.Debug|iPhoneSimulator.ActiveCfg = Debug|Any CPU
		{32F18D94-A082-47C6-8393-CBC19D9EC905}.Debug|iPhoneSimulator.Build.0 = Debug|Any CPU
		{32F18D94-A082-47C6-8393-CBC19D9EC905}.Debug|iPhoneSimulator.Deploy.0 = Debug|Any CPU
		{32F18D94-A082-47C6-8393-CBC19D9EC905}.Debug|x64.ActiveCfg = Debug|Any CPU
		{32F18D94-A082-47C6-8393-CBC19D9EC905}.Debug|x64.Build.0 = Debug|Any CPU
		{32F18D94-A082-47C6-8393-CBC19D9EC905}.Debug|x64.Deploy.0 = Debug|Any CPU
		{32F18D94-A082-47C6-8393-CBC19D9EC905}.Debug|x86.ActiveCfg = Debug|Any CPU
		{32F18D94-A082-47C6-8393-CBC19D9EC905}.Debug|x86.Build.0 = Debug|Any CPU
		{32F18D94-A082-47C6-8393-CBC19D9EC905}.Debug|x86.Deploy.0 = Debug|Any CPU
		{32F18D94-A082-47C6-8393-CBC19D9EC905}.Release|Any CPU.ActiveCfg = Release|Any CPU
		{32F18D94-A082-47C6-8393-CBC19D9EC905}.Release|Any CPU.Build.0 = Release|Any CPU
		{32F18D94-A082-47C6-8393-CBC19D9EC905}.Release|Any CPU.Deploy.0 = Release|Any CPU
		{32F18D94-A082-47C6-8393-CBC19D9EC905}.Release|ARM.ActiveCfg = Release|Any CPU
		{32F18D94-A082-47C6-8393-CBC19D9EC905}.Release|ARM.Build.0 = Release|Any CPU
		{32F18D94-A082-47C6-8393-CBC19D9EC905}.Release|ARM.Deploy.0 = Release|Any CPU
		{32F18D94-A082-47C6-8393-CBC19D9EC905}.Release|iPhone.ActiveCfg = Release|Any CPU
		{32F18D94-A082-47C6-8393-CBC19D9EC905}.Release|iPhone.Build.0 = Release|Any CPU
		{32F18D94-A082-47C6-8393-CBC19D9EC905}.Release|iPhone.Deploy.0 = Release|Any CPU
		{32F18D94-A082-47C6-8393-CBC19D9EC905}.Release|iPhoneSimulator.ActiveCfg = Release|Any CPU
		{32F18D94-A082-47C6-8393-CBC19D9EC905}.Release|iPhoneSimulator.Build.0 = Release|Any CPU
		{32F18D94-A082-47C6-8393-CBC19D9EC905}.Release|iPhoneSimulator.Deploy.0 = Release|Any CPU
		{32F18D94-A082-47C6-8393-CBC19D9EC905}.Release|x64.ActiveCfg = Release|Any CPU
		{32F18D94-A082-47C6-8393-CBC19D9EC905}.Release|x64.Build.0 = Release|Any CPU
		{32F18D94-A082-47C6-8393-CBC19D9EC905}.Release|x64.Deploy.0 = Release|Any CPU
		{32F18D94-A082-47C6-8393-CBC19D9EC905}.Release|x86.ActiveCfg = Release|Any CPU
		{32F18D94-A082-47C6-8393-CBC19D9EC905}.Release|x86.Build.0 = Release|Any CPU
		{32F18D94-A082-47C6-8393-CBC19D9EC905}.Release|x86.Deploy.0 = Release|Any CPU
		{5695BFB7-F284-4749-A527-201DD5023EC2}.Ad-Hoc|Any CPU.ActiveCfg = Ad-Hoc|iPhone
		{5695BFB7-F284-4749-A527-201DD5023EC2}.Ad-Hoc|ARM.ActiveCfg = Ad-Hoc|iPhone
		{5695BFB7-F284-4749-A527-201DD5023EC2}.Ad-Hoc|iPhone.ActiveCfg = Ad-Hoc|iPhone
		{5695BFB7-F284-4749-A527-201DD5023EC2}.Ad-Hoc|iPhone.Build.0 = Ad-Hoc|iPhone
		{5695BFB7-F284-4749-A527-201DD5023EC2}.Ad-Hoc|iPhoneSimulator.ActiveCfg = Ad-Hoc|iPhoneSimulator
		{5695BFB7-F284-4749-A527-201DD5023EC2}.Ad-Hoc|iPhoneSimulator.Build.0 = Ad-Hoc|iPhoneSimulator
		{5695BFB7-F284-4749-A527-201DD5023EC2}.Ad-Hoc|x64.ActiveCfg = Ad-Hoc|iPhone
		{5695BFB7-F284-4749-A527-201DD5023EC2}.Ad-Hoc|x86.ActiveCfg = Ad-Hoc|iPhone
		{5695BFB7-F284-4749-A527-201DD5023EC2}.AppStore|Any CPU.ActiveCfg = AppStore|iPhone
		{5695BFB7-F284-4749-A527-201DD5023EC2}.AppStore|ARM.ActiveCfg = AppStore|iPhone
		{5695BFB7-F284-4749-A527-201DD5023EC2}.AppStore|iPhone.ActiveCfg = AppStore|iPhone
		{5695BFB7-F284-4749-A527-201DD5023EC2}.AppStore|iPhone.Build.0 = AppStore|iPhone
		{5695BFB7-F284-4749-A527-201DD5023EC2}.AppStore|iPhoneSimulator.ActiveCfg = AppStore|iPhoneSimulator
		{5695BFB7-F284-4749-A527-201DD5023EC2}.AppStore|iPhoneSimulator.Build.0 = AppStore|iPhoneSimulator
		{5695BFB7-F284-4749-A527-201DD5023EC2}.AppStore|x64.ActiveCfg = AppStore|iPhone
		{5695BFB7-F284-4749-A527-201DD5023EC2}.AppStore|x86.ActiveCfg = AppStore|iPhone
		{5695BFB7-F284-4749-A527-201DD5023EC2}.Debug|Any CPU.ActiveCfg = Debug|iPhone
		{5695BFB7-F284-4749-A527-201DD5023EC2}.Debug|ARM.ActiveCfg = Debug|iPhone
		{5695BFB7-F284-4749-A527-201DD5023EC2}.Debug|iPhone.ActiveCfg = Debug|iPhone
		{5695BFB7-F284-4749-A527-201DD5023EC2}.Debug|iPhone.Build.0 = Debug|iPhone
		{5695BFB7-F284-4749-A527-201DD5023EC2}.Debug|iPhoneSimulator.ActiveCfg = Debug|iPhoneSimulator
		{5695BFB7-F284-4749-A527-201DD5023EC2}.Debug|iPhoneSimulator.Build.0 = Debug|iPhoneSimulator
		{5695BFB7-F284-4749-A527-201DD5023EC2}.Debug|x64.ActiveCfg = Debug|iPhone
		{5695BFB7-F284-4749-A527-201DD5023EC2}.Debug|x86.ActiveCfg = Debug|iPhone
		{5695BFB7-F284-4749-A527-201DD5023EC2}.Release|Any CPU.ActiveCfg = Release|iPhone
		{5695BFB7-F284-4749-A527-201DD5023EC2}.Release|ARM.ActiveCfg = Release|iPhone
		{5695BFB7-F284-4749-A527-201DD5023EC2}.Release|iPhone.ActiveCfg = Release|iPhone
		{5695BFB7-F284-4749-A527-201DD5023EC2}.Release|iPhone.Build.0 = Release|iPhone
		{5695BFB7-F284-4749-A527-201DD5023EC2}.Release|iPhoneSimulator.ActiveCfg = Release|iPhoneSimulator
		{5695BFB7-F284-4749-A527-201DD5023EC2}.Release|iPhoneSimulator.Build.0 = Release|iPhoneSimulator
		{5695BFB7-F284-4749-A527-201DD5023EC2}.Release|x64.ActiveCfg = Release|iPhone
		{5695BFB7-F284-4749-A527-201DD5023EC2}.Release|x86.ActiveCfg = Release|iPhone
		{F059B975-64F7-4647-818E-C1EE5A5F9587}.Ad-Hoc|Any CPU.ActiveCfg = Release|Any CPU
		{F059B975-64F7-4647-818E-C1EE5A5F9587}.Ad-Hoc|Any CPU.Build.0 = Release|Any CPU
		{F059B975-64F7-4647-818E-C1EE5A5F9587}.Ad-Hoc|Any CPU.Deploy.0 = Release|Any CPU
		{F059B975-64F7-4647-818E-C1EE5A5F9587}.Ad-Hoc|ARM.ActiveCfg = Release|ARM
		{F059B975-64F7-4647-818E-C1EE5A5F9587}.Ad-Hoc|ARM.Build.0 = Release|ARM
		{F059B975-64F7-4647-818E-C1EE5A5F9587}.Ad-Hoc|ARM.Deploy.0 = Release|ARM
		{F059B975-64F7-4647-818E-C1EE5A5F9587}.Ad-Hoc|iPhone.ActiveCfg = Release|Any CPU
		{F059B975-64F7-4647-818E-C1EE5A5F9587}.Ad-Hoc|iPhone.Build.0 = Release|Any CPU
		{F059B975-64F7-4647-818E-C1EE5A5F9587}.Ad-Hoc|iPhone.Deploy.0 = Release|Any CPU
		{F059B975-64F7-4647-818E-C1EE5A5F9587}.Ad-Hoc|iPhoneSimulator.ActiveCfg = Release|Any CPU
		{F059B975-64F7-4647-818E-C1EE5A5F9587}.Ad-Hoc|iPhoneSimulator.Build.0 = Release|Any CPU
		{F059B975-64F7-4647-818E-C1EE5A5F9587}.Ad-Hoc|iPhoneSimulator.Deploy.0 = Release|Any CPU
		{F059B975-64F7-4647-818E-C1EE5A5F9587}.Ad-Hoc|x64.ActiveCfg = Release|Any CPU
		{F059B975-64F7-4647-818E-C1EE5A5F9587}.Ad-Hoc|x64.Build.0 = Release|Any CPU
		{F059B975-64F7-4647-818E-C1EE5A5F9587}.Ad-Hoc|x64.Deploy.0 = Release|Any CPU
		{F059B975-64F7-4647-818E-C1EE5A5F9587}.Ad-Hoc|x86.ActiveCfg = Release|x86
		{F059B975-64F7-4647-818E-C1EE5A5F9587}.Ad-Hoc|x86.Build.0 = Release|x86
		{F059B975-64F7-4647-818E-C1EE5A5F9587}.Ad-Hoc|x86.Deploy.0 = Release|x86
		{F059B975-64F7-4647-818E-C1EE5A5F9587}.AppStore|Any CPU.ActiveCfg = Release|Any CPU
		{F059B975-64F7-4647-818E-C1EE5A5F9587}.AppStore|Any CPU.Build.0 = Release|Any CPU
		{F059B975-64F7-4647-818E-C1EE5A5F9587}.AppStore|Any CPU.Deploy.0 = Release|Any CPU
		{F059B975-64F7-4647-818E-C1EE5A5F9587}.AppStore|ARM.ActiveCfg = Release|ARM
		{F059B975-64F7-4647-818E-C1EE5A5F9587}.AppStore|ARM.Build.0 = Release|ARM
		{F059B975-64F7-4647-818E-C1EE5A5F9587}.AppStore|ARM.Deploy.0 = Release|ARM
		{F059B975-64F7-4647-818E-C1EE5A5F9587}.AppStore|iPhone.ActiveCfg = Release|Any CPU
		{F059B975-64F7-4647-818E-C1EE5A5F9587}.AppStore|iPhone.Build.0 = Release|Any CPU
		{F059B975-64F7-4647-818E-C1EE5A5F9587}.AppStore|iPhone.Deploy.0 = Release|Any CPU
		{F059B975-64F7-4647-818E-C1EE5A5F9587}.AppStore|iPhoneSimulator.ActiveCfg = Release|Any CPU
		{F059B975-64F7-4647-818E-C1EE5A5F9587}.AppStore|iPhoneSimulator.Build.0 = Release|Any CPU
		{F059B975-64F7-4647-818E-C1EE5A5F9587}.AppStore|iPhoneSimulator.Deploy.0 = Release|Any CPU
		{F059B975-64F7-4647-818E-C1EE5A5F9587}.AppStore|x64.ActiveCfg = Release|Any CPU
		{F059B975-64F7-4647-818E-C1EE5A5F9587}.AppStore|x64.Build.0 = Release|Any CPU
		{F059B975-64F7-4647-818E-C1EE5A5F9587}.AppStore|x64.Deploy.0 = Release|Any CPU
		{F059B975-64F7-4647-818E-C1EE5A5F9587}.AppStore|x86.ActiveCfg = Release|x86
		{F059B975-64F7-4647-818E-C1EE5A5F9587}.AppStore|x86.Build.0 = Release|x86
		{F059B975-64F7-4647-818E-C1EE5A5F9587}.AppStore|x86.Deploy.0 = Release|x86
		{F059B975-64F7-4647-818E-C1EE5A5F9587}.Debug|Any CPU.ActiveCfg = Debug|Any CPU
		{F059B975-64F7-4647-818E-C1EE5A5F9587}.Debug|Any CPU.Build.0 = Debug|Any CPU
		{F059B975-64F7-4647-818E-C1EE5A5F9587}.Debug|Any CPU.Deploy.0 = Debug|Any CPU
		{F059B975-64F7-4647-818E-C1EE5A5F9587}.Debug|ARM.ActiveCfg = Debug|ARM
		{F059B975-64F7-4647-818E-C1EE5A5F9587}.Debug|ARM.Build.0 = Debug|ARM
		{F059B975-64F7-4647-818E-C1EE5A5F9587}.Debug|ARM.Deploy.0 = Debug|ARM
		{F059B975-64F7-4647-818E-C1EE5A5F9587}.Debug|iPhone.ActiveCfg = Debug|Any CPU
		{F059B975-64F7-4647-818E-C1EE5A5F9587}.Debug|iPhone.Build.0 = Debug|Any CPU
		{F059B975-64F7-4647-818E-C1EE5A5F9587}.Debug|iPhone.Deploy.0 = Debug|Any CPU
		{F059B975-64F7-4647-818E-C1EE5A5F9587}.Debug|iPhoneSimulator.ActiveCfg = Debug|Any CPU
		{F059B975-64F7-4647-818E-C1EE5A5F9587}.Debug|iPhoneSimulator.Build.0 = Debug|Any CPU
		{F059B975-64F7-4647-818E-C1EE5A5F9587}.Debug|iPhoneSimulator.Deploy.0 = Debug|Any CPU
		{F059B975-64F7-4647-818E-C1EE5A5F9587}.Debug|x64.ActiveCfg = Debug|Any CPU
		{F059B975-64F7-4647-818E-C1EE5A5F9587}.Debug|x64.Build.0 = Debug|Any CPU
		{F059B975-64F7-4647-818E-C1EE5A5F9587}.Debug|x64.Deploy.0 = Debug|Any CPU
		{F059B975-64F7-4647-818E-C1EE5A5F9587}.Debug|x86.ActiveCfg = Debug|x86
		{F059B975-64F7-4647-818E-C1EE5A5F9587}.Debug|x86.Build.0 = Debug|x86
		{F059B975-64F7-4647-818E-C1EE5A5F9587}.Debug|x86.Deploy.0 = Debug|x86
		{F059B975-64F7-4647-818E-C1EE5A5F9587}.Release|Any CPU.ActiveCfg = Release|Any CPU
		{F059B975-64F7-4647-818E-C1EE5A5F9587}.Release|Any CPU.Build.0 = Release|Any CPU
		{F059B975-64F7-4647-818E-C1EE5A5F9587}.Release|Any CPU.Deploy.0 = Release|Any CPU
		{F059B975-64F7-4647-818E-C1EE5A5F9587}.Release|ARM.ActiveCfg = Release|ARM
		{F059B975-64F7-4647-818E-C1EE5A5F9587}.Release|ARM.Build.0 = Release|ARM
		{F059B975-64F7-4647-818E-C1EE5A5F9587}.Release|ARM.Deploy.0 = Release|ARM
		{F059B975-64F7-4647-818E-C1EE5A5F9587}.Release|iPhone.ActiveCfg = Release|Any CPU
		{F059B975-64F7-4647-818E-C1EE5A5F9587}.Release|iPhone.Build.0 = Release|Any CPU
		{F059B975-64F7-4647-818E-C1EE5A5F9587}.Release|iPhone.Deploy.0 = Release|Any CPU
		{F059B975-64F7-4647-818E-C1EE5A5F9587}.Release|iPhoneSimulator.ActiveCfg = Release|Any CPU
		{F059B975-64F7-4647-818E-C1EE5A5F9587}.Release|iPhoneSimulator.Build.0 = Release|Any CPU
		{F059B975-64F7-4647-818E-C1EE5A5F9587}.Release|iPhoneSimulator.Deploy.0 = Release|Any CPU
		{F059B975-64F7-4647-818E-C1EE5A5F9587}.Release|x64.ActiveCfg = Release|Any CPU
		{F059B975-64F7-4647-818E-C1EE5A5F9587}.Release|x64.Build.0 = Release|Any CPU
		{F059B975-64F7-4647-818E-C1EE5A5F9587}.Release|x64.Deploy.0 = Release|Any CPU
		{F059B975-64F7-4647-818E-C1EE5A5F9587}.Release|x86.ActiveCfg = Release|x86
		{F059B975-64F7-4647-818E-C1EE5A5F9587}.Release|x86.Build.0 = Release|x86
		{F059B975-64F7-4647-818E-C1EE5A5F9587}.Release|x86.Deploy.0 = Release|x86
		{72EF113F-8BE4-407D-A8B9-44E62FA4C88D}.Ad-Hoc|Any CPU.ActiveCfg = Release|x86
		{72EF113F-8BE4-407D-A8B9-44E62FA4C88D}.Ad-Hoc|Any CPU.Build.0 = Release|x86
		{72EF113F-8BE4-407D-A8B9-44E62FA4C88D}.Ad-Hoc|Any CPU.Deploy.0 = Release|x86
		{72EF113F-8BE4-407D-A8B9-44E62FA4C88D}.Ad-Hoc|ARM.ActiveCfg = Release|ARM
		{72EF113F-8BE4-407D-A8B9-44E62FA4C88D}.Ad-Hoc|ARM.Build.0 = Release|ARM
		{72EF113F-8BE4-407D-A8B9-44E62FA4C88D}.Ad-Hoc|ARM.Deploy.0 = Release|ARM
		{72EF113F-8BE4-407D-A8B9-44E62FA4C88D}.Ad-Hoc|iPhone.ActiveCfg = Release|x86
		{72EF113F-8BE4-407D-A8B9-44E62FA4C88D}.Ad-Hoc|iPhone.Build.0 = Release|x86
		{72EF113F-8BE4-407D-A8B9-44E62FA4C88D}.Ad-Hoc|iPhone.Deploy.0 = Release|x86
		{72EF113F-8BE4-407D-A8B9-44E62FA4C88D}.Ad-Hoc|iPhoneSimulator.ActiveCfg = Release|x86
		{72EF113F-8BE4-407D-A8B9-44E62FA4C88D}.Ad-Hoc|iPhoneSimulator.Build.0 = Release|x86
		{72EF113F-8BE4-407D-A8B9-44E62FA4C88D}.Ad-Hoc|iPhoneSimulator.Deploy.0 = Release|x86
		{72EF113F-8BE4-407D-A8B9-44E62FA4C88D}.Ad-Hoc|x64.ActiveCfg = Release|x64
		{72EF113F-8BE4-407D-A8B9-44E62FA4C88D}.Ad-Hoc|x64.Build.0 = Release|x64
		{72EF113F-8BE4-407D-A8B9-44E62FA4C88D}.Ad-Hoc|x64.Deploy.0 = Release|x64
		{72EF113F-8BE4-407D-A8B9-44E62FA4C88D}.Ad-Hoc|x86.ActiveCfg = Release|x86
		{72EF113F-8BE4-407D-A8B9-44E62FA4C88D}.Ad-Hoc|x86.Build.0 = Release|x86
		{72EF113F-8BE4-407D-A8B9-44E62FA4C88D}.Ad-Hoc|x86.Deploy.0 = Release|x86
		{72EF113F-8BE4-407D-A8B9-44E62FA4C88D}.AppStore|Any CPU.ActiveCfg = Release|x86
		{72EF113F-8BE4-407D-A8B9-44E62FA4C88D}.AppStore|Any CPU.Build.0 = Release|x86
		{72EF113F-8BE4-407D-A8B9-44E62FA4C88D}.AppStore|Any CPU.Deploy.0 = Release|x86
		{72EF113F-8BE4-407D-A8B9-44E62FA4C88D}.AppStore|ARM.ActiveCfg = Release|ARM
		{72EF113F-8BE4-407D-A8B9-44E62FA4C88D}.AppStore|ARM.Build.0 = Release|ARM
		{72EF113F-8BE4-407D-A8B9-44E62FA4C88D}.AppStore|ARM.Deploy.0 = Release|ARM
		{72EF113F-8BE4-407D-A8B9-44E62FA4C88D}.AppStore|iPhone.ActiveCfg = Release|x86
		{72EF113F-8BE4-407D-A8B9-44E62FA4C88D}.AppStore|iPhone.Build.0 = Release|x86
		{72EF113F-8BE4-407D-A8B9-44E62FA4C88D}.AppStore|iPhone.Deploy.0 = Release|x86
		{72EF113F-8BE4-407D-A8B9-44E62FA4C88D}.AppStore|iPhoneSimulator.ActiveCfg = Release|x86
		{72EF113F-8BE4-407D-A8B9-44E62FA4C88D}.AppStore|iPhoneSimulator.Build.0 = Release|x86
		{72EF113F-8BE4-407D-A8B9-44E62FA4C88D}.AppStore|iPhoneSimulator.Deploy.0 = Release|x86
		{72EF113F-8BE4-407D-A8B9-44E62FA4C88D}.AppStore|x64.ActiveCfg = Release|x64
		{72EF113F-8BE4-407D-A8B9-44E62FA4C88D}.AppStore|x64.Build.0 = Release|x64
		{72EF113F-8BE4-407D-A8B9-44E62FA4C88D}.AppStore|x64.Deploy.0 = Release|x64
		{72EF113F-8BE4-407D-A8B9-44E62FA4C88D}.AppStore|x86.ActiveCfg = Release|x86
		{72EF113F-8BE4-407D-A8B9-44E62FA4C88D}.AppStore|x86.Build.0 = Release|x86
		{72EF113F-8BE4-407D-A8B9-44E62FA4C88D}.AppStore|x86.Deploy.0 = Release|x86
		{72EF113F-8BE4-407D-A8B9-44E62FA4C88D}.Debug|Any CPU.ActiveCfg = Debug|x86
		{72EF113F-8BE4-407D-A8B9-44E62FA4C88D}.Debug|ARM.ActiveCfg = Debug|ARM
		{72EF113F-8BE4-407D-A8B9-44E62FA4C88D}.Debug|ARM.Build.0 = Debug|ARM
		{72EF113F-8BE4-407D-A8B9-44E62FA4C88D}.Debug|ARM.Deploy.0 = Debug|ARM
		{72EF113F-8BE4-407D-A8B9-44E62FA4C88D}.Debug|iPhone.ActiveCfg = Debug|x86
		{72EF113F-8BE4-407D-A8B9-44E62FA4C88D}.Debug|iPhoneSimulator.ActiveCfg = Debug|x86
		{72EF113F-8BE4-407D-A8B9-44E62FA4C88D}.Debug|x64.ActiveCfg = Debug|x64
		{72EF113F-8BE4-407D-A8B9-44E62FA4C88D}.Debug|x64.Build.0 = Debug|x64
		{72EF113F-8BE4-407D-A8B9-44E62FA4C88D}.Debug|x64.Deploy.0 = Debug|x64
		{72EF113F-8BE4-407D-A8B9-44E62FA4C88D}.Debug|x86.ActiveCfg = Debug|x86
		{72EF113F-8BE4-407D-A8B9-44E62FA4C88D}.Debug|x86.Build.0 = Debug|x86
		{72EF113F-8BE4-407D-A8B9-44E62FA4C88D}.Debug|x86.Deploy.0 = Debug|x86
		{72EF113F-8BE4-407D-A8B9-44E62FA4C88D}.Release|Any CPU.ActiveCfg = Release|x86
		{72EF113F-8BE4-407D-A8B9-44E62FA4C88D}.Release|ARM.ActiveCfg = Release|ARM
		{72EF113F-8BE4-407D-A8B9-44E62FA4C88D}.Release|ARM.Build.0 = Release|ARM
		{72EF113F-8BE4-407D-A8B9-44E62FA4C88D}.Release|ARM.Deploy.0 = Release|ARM
		{72EF113F-8BE4-407D-A8B9-44E62FA4C88D}.Release|iPhone.ActiveCfg = Release|x86
		{72EF113F-8BE4-407D-A8B9-44E62FA4C88D}.Release|iPhoneSimulator.ActiveCfg = Release|x86
		{72EF113F-8BE4-407D-A8B9-44E62FA4C88D}.Release|x64.ActiveCfg = Release|x64
		{72EF113F-8BE4-407D-A8B9-44E62FA4C88D}.Release|x64.Build.0 = Release|x64
		{72EF113F-8BE4-407D-A8B9-44E62FA4C88D}.Release|x64.Deploy.0 = Release|x64
		{72EF113F-8BE4-407D-A8B9-44E62FA4C88D}.Release|x86.ActiveCfg = Release|x86
		{72EF113F-8BE4-407D-A8B9-44E62FA4C88D}.Release|x86.Build.0 = Release|x86
		{72EF113F-8BE4-407D-A8B9-44E62FA4C88D}.Release|x86.Deploy.0 = Release|x86
		{B0DB7466-9AF9-4209-8454-4C7EEF3F8B5D}.Ad-Hoc|Any CPU.ActiveCfg = Release|Any CPU
		{B0DB7466-9AF9-4209-8454-4C7EEF3F8B5D}.Ad-Hoc|Any CPU.Build.0 = Release|Any CPU
		{B0DB7466-9AF9-4209-8454-4C7EEF3F8B5D}.Ad-Hoc|Any CPU.Deploy.0 = Release|Any CPU
		{B0DB7466-9AF9-4209-8454-4C7EEF3F8B5D}.Ad-Hoc|ARM.ActiveCfg = Release|ARM
		{B0DB7466-9AF9-4209-8454-4C7EEF3F8B5D}.Ad-Hoc|ARM.Build.0 = Release|ARM
		{B0DB7466-9AF9-4209-8454-4C7EEF3F8B5D}.Ad-Hoc|ARM.Deploy.0 = Release|ARM
		{B0DB7466-9AF9-4209-8454-4C7EEF3F8B5D}.Ad-Hoc|iPhone.ActiveCfg = Release|Any CPU
		{B0DB7466-9AF9-4209-8454-4C7EEF3F8B5D}.Ad-Hoc|iPhone.Build.0 = Release|Any CPU
		{B0DB7466-9AF9-4209-8454-4C7EEF3F8B5D}.Ad-Hoc|iPhone.Deploy.0 = Release|Any CPU
		{B0DB7466-9AF9-4209-8454-4C7EEF3F8B5D}.Ad-Hoc|iPhoneSimulator.ActiveCfg = Release|Any CPU
		{B0DB7466-9AF9-4209-8454-4C7EEF3F8B5D}.Ad-Hoc|iPhoneSimulator.Build.0 = Release|Any CPU
		{B0DB7466-9AF9-4209-8454-4C7EEF3F8B5D}.Ad-Hoc|iPhoneSimulator.Deploy.0 = Release|Any CPU
		{B0DB7466-9AF9-4209-8454-4C7EEF3F8B5D}.Ad-Hoc|x64.ActiveCfg = Release|x64
		{B0DB7466-9AF9-4209-8454-4C7EEF3F8B5D}.Ad-Hoc|x64.Build.0 = Release|x64
		{B0DB7466-9AF9-4209-8454-4C7EEF3F8B5D}.Ad-Hoc|x64.Deploy.0 = Release|x64
		{B0DB7466-9AF9-4209-8454-4C7EEF3F8B5D}.Ad-Hoc|x86.ActiveCfg = Release|x86
		{B0DB7466-9AF9-4209-8454-4C7EEF3F8B5D}.Ad-Hoc|x86.Build.0 = Release|x86
		{B0DB7466-9AF9-4209-8454-4C7EEF3F8B5D}.Ad-Hoc|x86.Deploy.0 = Release|x86
		{B0DB7466-9AF9-4209-8454-4C7EEF3F8B5D}.AppStore|Any CPU.ActiveCfg = Release|Any CPU
		{B0DB7466-9AF9-4209-8454-4C7EEF3F8B5D}.AppStore|Any CPU.Build.0 = Release|Any CPU
		{B0DB7466-9AF9-4209-8454-4C7EEF3F8B5D}.AppStore|Any CPU.Deploy.0 = Release|Any CPU
		{B0DB7466-9AF9-4209-8454-4C7EEF3F8B5D}.AppStore|ARM.ActiveCfg = Release|ARM
		{B0DB7466-9AF9-4209-8454-4C7EEF3F8B5D}.AppStore|ARM.Build.0 = Release|ARM
		{B0DB7466-9AF9-4209-8454-4C7EEF3F8B5D}.AppStore|ARM.Deploy.0 = Release|ARM
		{B0DB7466-9AF9-4209-8454-4C7EEF3F8B5D}.AppStore|iPhone.ActiveCfg = Release|Any CPU
		{B0DB7466-9AF9-4209-8454-4C7EEF3F8B5D}.AppStore|iPhone.Build.0 = Release|Any CPU
		{B0DB7466-9AF9-4209-8454-4C7EEF3F8B5D}.AppStore|iPhone.Deploy.0 = Release|Any CPU
		{B0DB7466-9AF9-4209-8454-4C7EEF3F8B5D}.AppStore|iPhoneSimulator.ActiveCfg = Release|Any CPU
		{B0DB7466-9AF9-4209-8454-4C7EEF3F8B5D}.AppStore|iPhoneSimulator.Build.0 = Release|Any CPU
		{B0DB7466-9AF9-4209-8454-4C7EEF3F8B5D}.AppStore|iPhoneSimulator.Deploy.0 = Release|Any CPU
		{B0DB7466-9AF9-4209-8454-4C7EEF3F8B5D}.AppStore|x64.ActiveCfg = Release|x64
		{B0DB7466-9AF9-4209-8454-4C7EEF3F8B5D}.AppStore|x64.Build.0 = Release|x64
		{B0DB7466-9AF9-4209-8454-4C7EEF3F8B5D}.AppStore|x64.Deploy.0 = Release|x64
		{B0DB7466-9AF9-4209-8454-4C7EEF3F8B5D}.AppStore|x86.ActiveCfg = Release|x86
		{B0DB7466-9AF9-4209-8454-4C7EEF3F8B5D}.AppStore|x86.Build.0 = Release|x86
		{B0DB7466-9AF9-4209-8454-4C7EEF3F8B5D}.AppStore|x86.Deploy.0 = Release|x86
		{B0DB7466-9AF9-4209-8454-4C7EEF3F8B5D}.Debug|Any CPU.ActiveCfg = Debug|Any CPU
		{B0DB7466-9AF9-4209-8454-4C7EEF3F8B5D}.Debug|Any CPU.Build.0 = Debug|Any CPU
		{B0DB7466-9AF9-4209-8454-4C7EEF3F8B5D}.Debug|Any CPU.Deploy.0 = Debug|Any CPU
		{B0DB7466-9AF9-4209-8454-4C7EEF3F8B5D}.Debug|ARM.ActiveCfg = Debug|ARM
		{B0DB7466-9AF9-4209-8454-4C7EEF3F8B5D}.Debug|ARM.Build.0 = Debug|ARM
		{B0DB7466-9AF9-4209-8454-4C7EEF3F8B5D}.Debug|ARM.Deploy.0 = Debug|ARM
		{B0DB7466-9AF9-4209-8454-4C7EEF3F8B5D}.Debug|iPhone.ActiveCfg = Debug|Any CPU
		{B0DB7466-9AF9-4209-8454-4C7EEF3F8B5D}.Debug|iPhone.Build.0 = Debug|Any CPU
		{B0DB7466-9AF9-4209-8454-4C7EEF3F8B5D}.Debug|iPhone.Deploy.0 = Debug|Any CPU
		{B0DB7466-9AF9-4209-8454-4C7EEF3F8B5D}.Debug|iPhoneSimulator.ActiveCfg = Debug|Any CPU
		{B0DB7466-9AF9-4209-8454-4C7EEF3F8B5D}.Debug|iPhoneSimulator.Build.0 = Debug|Any CPU
		{B0DB7466-9AF9-4209-8454-4C7EEF3F8B5D}.Debug|iPhoneSimulator.Deploy.0 = Debug|Any CPU
		{B0DB7466-9AF9-4209-8454-4C7EEF3F8B5D}.Debug|x64.ActiveCfg = Debug|x64
		{B0DB7466-9AF9-4209-8454-4C7EEF3F8B5D}.Debug|x64.Build.0 = Debug|x64
		{B0DB7466-9AF9-4209-8454-4C7EEF3F8B5D}.Debug|x64.Deploy.0 = Debug|x64
		{B0DB7466-9AF9-4209-8454-4C7EEF3F8B5D}.Debug|x86.ActiveCfg = Debug|x86
		{B0DB7466-9AF9-4209-8454-4C7EEF3F8B5D}.Debug|x86.Build.0 = Debug|x86
		{B0DB7466-9AF9-4209-8454-4C7EEF3F8B5D}.Debug|x86.Deploy.0 = Debug|x86
		{B0DB7466-9AF9-4209-8454-4C7EEF3F8B5D}.Release|Any CPU.ActiveCfg = Release|Any CPU
		{B0DB7466-9AF9-4209-8454-4C7EEF3F8B5D}.Release|Any CPU.Build.0 = Release|Any CPU
		{B0DB7466-9AF9-4209-8454-4C7EEF3F8B5D}.Release|Any CPU.Deploy.0 = Release|Any CPU
		{B0DB7466-9AF9-4209-8454-4C7EEF3F8B5D}.Release|ARM.ActiveCfg = Release|ARM
		{B0DB7466-9AF9-4209-8454-4C7EEF3F8B5D}.Release|ARM.Build.0 = Release|ARM
		{B0DB7466-9AF9-4209-8454-4C7EEF3F8B5D}.Release|ARM.Deploy.0 = Release|ARM
		{B0DB7466-9AF9-4209-8454-4C7EEF3F8B5D}.Release|iPhone.ActiveCfg = Release|Any CPU
		{B0DB7466-9AF9-4209-8454-4C7EEF3F8B5D}.Release|iPhone.Build.0 = Release|Any CPU
		{B0DB7466-9AF9-4209-8454-4C7EEF3F8B5D}.Release|iPhone.Deploy.0 = Release|Any CPU
		{B0DB7466-9AF9-4209-8454-4C7EEF3F8B5D}.Release|iPhoneSimulator.ActiveCfg = Release|Any CPU
		{B0DB7466-9AF9-4209-8454-4C7EEF3F8B5D}.Release|iPhoneSimulator.Build.0 = Release|Any CPU
		{B0DB7466-9AF9-4209-8454-4C7EEF3F8B5D}.Release|iPhoneSimulator.Deploy.0 = Release|Any CPU
		{B0DB7466-9AF9-4209-8454-4C7EEF3F8B5D}.Release|x64.ActiveCfg = Release|x64
		{B0DB7466-9AF9-4209-8454-4C7EEF3F8B5D}.Release|x64.Build.0 = Release|x64
		{B0DB7466-9AF9-4209-8454-4C7EEF3F8B5D}.Release|x64.Deploy.0 = Release|x64
		{B0DB7466-9AF9-4209-8454-4C7EEF3F8B5D}.Release|x86.ActiveCfg = Release|x86
		{B0DB7466-9AF9-4209-8454-4C7EEF3F8B5D}.Release|x86.Build.0 = Release|x86
		{B0DB7466-9AF9-4209-8454-4C7EEF3F8B5D}.Release|x86.Deploy.0 = Release|x86
	EndGlobalSection
	GlobalSection(SolutionProperties) = preSolution
		HideSolutionNode = FALSE
	EndGlobalSection
EndGlobal
